{
  "originHash" : "e757155db6273232bf953485625b358956845ac3dcf3a87501b72195f3975fbb",
  "pins" : [
    {
      "identity" : "swift-syntax",
      "kind" : "remoteSourceControl",
      "location" : "https://github.com/swiftlang/swift-syntax.git",
      "state" : {
        "revision" : "f99ae8aa18f0cf0d53481901f88a0991dc3bd4a2",
        "version" : "601.0.1"
      }
    },
    {
      "identity" : "swift-testing",
      "kind" : "remoteSourceControl",
      "location" : "https://github.com/swiftlang/swift-testing.git",
      "state" : {
        "revision" : "43b6f88e2f2712e0f2a97e6acc75b55f22234299",
        "version" : "6.1.0"
      }
    }
  ],
  "version" : 3
}
